
Microsoft Visual Studio Solution File, Format Version 12.00
# Visual Studio Version 17
VisualStudioVersion = 17.4.33205.214
MinimumVisualStudioVersion = 10.0.40219.1
Project("{FAE04EC0-301F-11D3-BF4B-00C04F79EFBC}") = "DomainDriven_App", "DomainDriven_App\DomainDriven_App.csproj", "{C7E6996A-74F8-4FD6-A52C-FB29C9DC1FC2}"
EndProject
Project("{FAE04EC0-301F-11D3-BF4B-00C04F79EFBC}") = "Domain", "Domain\Domain.csproj", "{FCCD1916-3782-4C29-903F-F6EE3ACF7F6D}"
EndProject
Project("{FAE04EC0-301F-11D3-BF4B-00C04F79EFBC}") = "Core", "Core\Core.csproj", "{780C53C7-C116-4932-9132-97B21B797E3E}"
EndProject
Project("{FAE04EC0-301F-11D3-BF4B-00C04F79EFBC}") = "Data", "Data\Data.csproj", "{E8AEEE64-8FC3-4197-9A96-5C215CB92922}"
EndProject
Global
	GlobalSection(SolutionConfigurationPlatforms) = preSolution
		Debug|Any CPU = Debug|Any CPU
		Release|Any CPU = Release|Any CPU
	EndGlobalSection
	GlobalSection(ProjectConfigurationPlatforms) = postSolution
		{C7E6996A-74F8-4FD6-A52C-FB29C9DC1FC2}.Debug|Any CPU.ActiveCfg = Debug|Any CPU
		{C7E6996A-74F8-4FD6-A52C-FB29C9DC1FC2}.Debug|Any CPU.Build.0 = Debug|Any CPU
		{C7E6996A-74F8-4FD6-A52C-FB29C9DC1FC2}.Release|Any CPU.ActiveCfg = Release|Any CPU
		{C7E6996A-74F8-4FD6-A52C-FB29C9DC1FC2}.Release|Any CPU.Build.0 = Release|Any CPU
		{FCCD1916-3782-4C29-903F-F6EE3ACF7F6D}.Debug|Any CPU.ActiveCfg = Debug|Any CPU
		{FCCD1916-3782-4C29-903F-F6EE3ACF7F6D}.Debug|Any CPU.Build.0 = Debug|Any CPU
		{FCCD1916-3782-4C29-903F-F6EE3ACF7F6D}.Release|Any CPU.ActiveCfg = Release|Any CPU
		{FCCD1916-3782-4C29-903F-F6EE3ACF7F6D}.Release|Any CPU.Build.0 = Release|Any CPU
		{780C53C7-C116-4932-9132-97B21B797E3E}.Debug|Any CPU.ActiveCfg = Debug|Any CPU
		{780C53C7-C116-4932-9132-97B21B797E3E}.Debug|Any CPU.Build.0 = Debug|Any CPU
		{780C53C7-C116-4932-9132-97B21B797E3E}.Release|Any CPU.ActiveCfg = Release|Any CPU
		{780C53C7-C116-4932-9132-97B21B797E3E}.Release|Any CPU.Build.0 = Release|Any CPU
		{E8AEEE64-8FC3-4197-9A96-5C215CB92922}.Debug|Any CPU.ActiveCfg = Debug|Any CPU
		{E8AEEE64-8FC3-4197-9A96-5C215CB92922}.Debug|Any CPU.Build.0 = Debug|Any CPU
		{E8AEEE64-8FC3-4197-9A96-5C215CB92922}.Release|Any CPU.ActiveCfg = Release|Any CPU
		{E8AEEE64-8FC3-4197-9A96-5C215CB92922}.Release|Any CPU.Build.0 = Release|Any CPU
	EndGlobalSection
	GlobalSection(SolutionProperties) = preSolution
		HideSolutionNode = FALSE
	EndGlobalSection
	GlobalSection(ExtensibilityGlobals) = postSolution
		SolutionGuid = {27D4BB8B-B91D-4179-8415-5570FD0DA8F8}
	EndGlobalSection
EndGlobal
